{
  "name": "@citrix/spa-common-ai-agents-eval-providers",
  "lockfileVersion": 3,
  "requires": true,
  "packages": {
    "": {
      "name": "@citrix/spa-common-ai-agents-eval-providers",
      "dependencies": {
        "js-yaml": "^4.1.1",
        "openai": "^6.31.0"
      }
    },
    "node_modules/argparse": {
      "version": "2.0.1",
      "resolved": "https://registry.npmjs.org/argparse/-/argparse-2.0.1.tgz",
      "integrity": "sha512-8+9WqebbFzpX9OR+Wa6O29asIogeRMzcGtAINdpMHHyAg10f05aSFVBbcEqGf/PXw1EjAZ+q2/bEBg3DvurK3Q==",
      "license": "Python-2.0"
    },
    "node_modules/js-yaml": {
      "version": "4.1.1",
      "resolved": "https://registry.npmjs.org/js-yaml/-/js-yaml-4.1.1.tgz",
      "integrity": "sha512-qQKT4zQxXl8lLwBtHMWwaTcGfFOZviOJet3Oy/xmGk2gZH677CJM9EvtfdSkgWcATZhj/55JZ0rmy3myCT5lsA==",
      "license": "MIT",
      "dependencies": {
        "argparse": "^2.0.1"
      },
      "bin": {
        "js-yaml": "bin/js-yaml.js"
      }
    },
    "node_modules/openai": {
      "version": "6.31.0",
      "resolved": "https://registry.npmjs.org/openai/-/openai-6.31.0.tgz",
      "integrity": "sha512-iqEn3QY1NnVrDOynUWA2Fjs04gzZ0m7fbwR9xZVFmcN1cqQwslMQM2sjQBNkTVFK/rrSvV78SXiBgU+Pyqz1Aw==",
      "license": "Apache-2.0",
      "bin": {
        "openai": "bin/cli"
      },
      "peerDependencies": {
        "ws": "^8.18.0",
        "zod": "^3.25 || ^4.0"
      },
      "peerDependenciesMeta": {
        "ws": {
          "optional": true
        },
        "zod": {
          "optional": true
        }
      }
    }
  }
}
